babel==2.11.0 \
    --hash=sha256:1ad3eca1c885218f6dce2ab67291178944f810a10a9b5f3cb8382a5a232b64fe \
    --hash=sha256:5ef4b3226b0180dedded4229651c8b0e1a3a6a2837d45a073272f313e4cf97f6
et-xmlfile==1.1.0 \
    --hash=sha256:8eb9e2bc2f8c97e37a2dc85a09ecdcdec9d8a396530a6d5a33b30b9a92da0c5c \
    --hash=sha256:a2ba85d1d6a74ef63837eed693bcb89c3f752169b0e3e7ae5b16ca5e1b3deada
mypy-extensions==1.0.0 \
    --hash=sha256:4392f6c0eb8a5668a69e23d168ffa70f0be9ccfd32b5cc2d26a34ae5b844552d \
    --hash=sha256:75dbf8955dc00442a438fc4d0666508a9a97b6bd41aa2f0ffe9d2f2725af0782
numpy==1.24.1 \
    --hash=sha256:0044f7d944ee882400890f9ae955220d29b33d809a038923d88e4e01d652acd9 \
    --hash=sha256:0e3463e6ac25313462e04aea3fb8a0a30fb906d5d300f58b3bc2c23da6a15398 \
    --hash=sha256:179a7ef0889ab769cc03573b6217f54c8bd8e16cef80aad369e1e8185f994cd7 \
    --hash=sha256:2386da9a471cc00a1f47845e27d916d5ec5346ae9696e01a8a34760858fe9dd2 \
    --hash=sha256:26089487086f2648944f17adaa1a97ca6aee57f513ba5f1c0b7ebdabbe2b9954 \
    --hash=sha256:28bc9750ae1f75264ee0f10561709b1462d450a4808cd97c013046073ae64ab6 \
    --hash=sha256:28e418681372520c992805bb723e29d69d6b7aa411065f48216d8329d02ba032 \
    --hash=sha256:442feb5e5bada8408e8fcd43f3360b78683ff12a4444670a7d9e9824c1817d36 \
    --hash=sha256:6ec0c021cd9fe732e5bab6401adea5a409214ca5592cd92a114f7067febcba0c \
    --hash=sha256:7094891dcf79ccc6bc2a1f30428fa5edb1e6fb955411ffff3401fb4ea93780a8 \
    --hash=sha256:84e789a085aabef2f36c0515f45e459f02f570c4b4c4c108ac1179c34d475ed7 \
    --hash=sha256:87a118968fba001b248aac90e502c0b13606721b1343cdaddbc6e552e8dfb56f \
    --hash=sha256:8e669fbdcdd1e945691079c2cae335f3e3a56554e06bbd45d7609a6cf568c700 \
    --hash=sha256:ad2925567f43643f51255220424c23d204024ed428afc5aad0f86f3ffc080086 \
    --hash=sha256:b0677a52f5d896e84414761531947c7a330d1adc07c3a4372262f25d84af7bf7 \
    --hash=sha256:b07b40f5fb4fa034120a5796288f24c1fe0e0580bbfff99897ba6267af42def2 \
    --hash=sha256:b09804ff570b907da323b3d762e74432fb07955701b17b08ff1b5ebaa8cfe6a9 \
    --hash=sha256:b162ac10ca38850510caf8ea33f89edcb7b0bb0dfa5592d59909419986b72407 \
    --hash=sha256:b31da69ed0c18be8b77bfce48d234e55d040793cebb25398e2a7d84199fbc7e2 \
    --hash=sha256:caf65a396c0d1f9809596be2e444e3bd4190d86d5c1ce21f5fc4be60a3bc5b36 \
    --hash=sha256:cfa1161c6ac8f92dea03d625c2d0c05e084668f4a06568b77a25a89111621566 \
    --hash=sha256:dae46bed2cb79a58d6496ff6d8da1e3b95ba09afeca2e277628171ca99b99db1 \
    --hash=sha256:ddc7ab52b322eb1e40521eb422c4e0a20716c271a306860979d450decbb51b8e \
    --hash=sha256:de92efa737875329b052982e37bd4371d52cabf469f83e7b8be9bb7752d67e51 \
    --hash=sha256:e274f0f6c7efd0d577744f52032fdd24344f11c5ae668fe8d01aac0422611df1 \
    --hash=sha256:ed5fb71d79e771ec930566fae9c02626b939e37271ec285e9efaf1b5d4370e7d \
    --hash=sha256:ef85cf1f693c88c1fd229ccd1055570cb41cdf4875873b7728b6301f12cd05bf \
    --hash=sha256:f1b739841821968798947d3afcefd386fa56da0caf97722a5de53e07c4ccedc7
openpyxl==3.1.0 \
    --hash=sha256:24d7d361025d186ba91eff58135d50855cf035a84371b891e58fb6eb5125660f \
    --hash=sha256:eccedbe1cdd8b2494057e73959b496821141038dbb7eb9266ea59e3f34208231
packaging==23.0 \
    --hash=sha256:714ac14496c3e68c99c29b00845f7a2b85f3bb6f1078fd9f72fd20f0570002b2 \
    --hash=sha256:b6ad297f8907de0fa2fe1ccbd26fdaf387f5f47c7275fedf8cce89f99446cf97
pandas==1.5.3 \
    --hash=sha256:14e45300521902689a81f3f41386dc86f19b8ba8dd5ac5a3c7010ef8d2932813 \
    --hash=sha256:26d9c71772c7afb9d5046e6e9cf42d83dd147b5cf5bcb9d97252077118543792 \
    --hash=sha256:3749077d86e3a2f0ed51367f30bf5b82e131cc0f14260c4d3e499186fccc4406 \
    --hash=sha256:41179ce559943d83a9b4bbacb736b04c928b095b5f25dd2b7389eda08f46f373 \
    --hash=sha256:478ff646ca42b20376e4ed3fa2e8d7341e8a63105586efe54fa2508ee087f328 \
    --hash=sha256:50869a35cbb0f2e0cd5ec04b191e7b12ed688874bd05dd777c19b28cbea90996 \
    --hash=sha256:565fa34a5434d38e9d250af3c12ff931abaf88050551d9fbcdfafca50d62babf \
    --hash=sha256:5f2b952406a1588ad4cad5b3f55f520e82e902388a6d5a4a91baa8d38d23c7f6 \
    --hash=sha256:5fbcb19d6fceb9e946b3e23258757c7b225ba450990d9ed63ccceeb8cae609f7 \
    --hash=sha256:6973549c01ca91ec96199e940495219c887ea815b2083722821f1d7abfa2b4dc \
    --hash=sha256:74a3fd7e5a7ec052f183273dc7b0acd3a863edf7520f5d3a1765c04ffdb3b0b1 \
    --hash=sha256:7a0a56cef15fd1586726dace5616db75ebcfec9179a3a55e78f72c5639fa2a23 \
    --hash=sha256:7cec0bee9f294e5de5bbfc14d0573f65526071029d036b753ee6507d2a21480a \
    --hash=sha256:87bd9c03da1ac870a6d2c8902a0e1fd4267ca00f13bc494c9e5a9020920e1d51 \
    --hash=sha256:972d8a45395f2a2d26733eb8d0f629b2f90bebe8e8eddbb8829b180c09639572 \
    --hash=sha256:9842b6f4b8479e41968eced654487258ed81df7d1c9b7b870ceea24ed9459b31 \
    --hash=sha256:9f69c4029613de47816b1bb30ff5ac778686688751a5e9c99ad8c7031f6508e5 \
    --hash=sha256:a50d9a4336a9621cab7b8eb3fb11adb82de58f9b91d84c2cd526576b881a0c5a \
    --hash=sha256:bc4c368f42b551bf72fac35c5128963a171b40dce866fb066540eeaf46faa003 \
    --hash=sha256:c39a8da13cede5adcd3be1182883aea1c925476f4e84b2807a46e2775306305d \
    --hash=sha256:c3ac844a0fe00bfaeb2c9b51ab1424e5c8744f89860b138434a363b1f620f354 \
    --hash=sha256:c4c00e0b0597c8e4f59e8d461f797e5d70b4d025880516a8261b2817c47759ee \
    --hash=sha256:c74a62747864ed568f5a82a49a23a8d7fe171d0c69038b38cedf0976831296fa \
    --hash=sha256:dd05f7783b3274aa206a1af06f0ceed3f9b412cf665b7247eacd83be41cf7bf0 \
    --hash=sha256:dfd681c5dc216037e0b0a2c821f5ed99ba9f03ebcf119c7dac0e9a7b960b9ec9 \
    --hash=sha256:e474390e60ed609cec869b0da796ad94f420bb057d86784191eefc62b65819ae \
    --hash=sha256:f76d097d12c82a535fda9dfe5e8dd4127952b45fea9b0276cb30cca5ea313fbc
pandera==0.13.4 \
    --hash=sha256:6ef2b7ee00d3439ac815d4347984421a08502da1020cec60c06dd0135e8aee2f \
    --hash=sha256:9e91687861406284270add1d467f204630377892e7a4b45809bb7546f0013153
pydantic==1.10.4 \
    --hash=sha256:05a81b006be15655b2a1bae5faa4280cf7c81d0e09fcb49b342ebf826abe5a72 \
    --hash=sha256:0b53e1d41e97063d51a02821b80538053ee4608b9a181c1005441f1673c55423 \
    --hash=sha256:2b3ce5f16deb45c472dde1a0ee05619298c864a20cded09c4edd820e1454129f \
    --hash=sha256:2e82a6d37a95e0b1b42b82ab340ada3963aea1317fd7f888bb6b9dfbf4fff57c \
    --hash=sha256:301d626a59edbe5dfb48fcae245896379a450d04baeed50ef40d8199f2733b06 \
    --hash=sha256:39f4a73e5342b25c2959529f07f026ef58147249f9b7431e1ba8414a36761f53 \
    --hash=sha256:4948f264678c703f3877d1c8877c4e3b2e12e549c57795107f08cf70c6ec7774 \
    --hash=sha256:4b05697738e7d2040696b0a66d9f0a10bec0efa1883ca75ee9e55baf511909d6 \
    --hash=sha256:51bdeb10d2db0f288e71d49c9cefa609bca271720ecd0c58009bd7504a0c464c \
    --hash=sha256:55b1625899acd33229c4352ce0ae54038529b412bd51c4915349b49ca575258f \
    --hash=sha256:572066051eeac73d23f95ba9a71349c42a3e05999d0ee1572b7860235b850cc6 \
    --hash=sha256:6a05a9db1ef5be0fe63e988f9617ca2551013f55000289c671f71ec16f4985e3 \
    --hash=sha256:6dc1cc241440ed7ca9ab59d9929075445da6b7c94ced281b3dd4cfe6c8cff817 \
    --hash=sha256:6e7124d6855b2780611d9f5e1e145e86667eaa3bd9459192c8dc1a097f5e9903 \
    --hash=sha256:75d52162fe6b2b55964fbb0af2ee58e99791a3138588c482572bb6087953113a \
    --hash=sha256:78cec42b95dbb500a1f7120bdf95c401f6abb616bbe8785ef09887306792e66e \
    --hash=sha256:7feb6a2d401f4d6863050f58325b8d99c1e56f4512d98b11ac64ad1751dc647d \
    --hash=sha256:8775d4ef5e7299a2f4699501077a0defdaac5b6c4321173bcb0f3c496fbadf85 \
    --hash=sha256:887ca463c3bc47103c123bc06919c86720e80e1214aab79e9b779cda0ff92a00 \
    --hash=sha256:9193d4f4ee8feca58bc56c8306bcb820f5c7905fd919e0750acdeeeef0615b28 \
    --hash=sha256:983e720704431a6573d626b00662eb78a07148c9115129f9b4351091ec95ecc3 \
    --hash=sha256:990406d226dea0e8f25f643b370224771878142155b879784ce89f633541a024 \
    --hash=sha256:9cbdc268a62d9a98c56e2452d6c41c0263d64a2009aac69246486f01b4f594c4 \
    --hash=sha256:a48f1953c4a1d9bd0b5167ac50da9a79f6072c63c4cef4cf2a3736994903583e \
    --hash=sha256:a9a6747cac06c2beb466064dda999a13176b23535e4c496c9d48e6406f92d42d \
    --hash=sha256:a9f2de23bec87ff306aef658384b02aa7c32389766af3c5dee9ce33e80222dfa \
    --hash=sha256:b5635de53e6686fe7a44b5cf25fcc419a0d5e5c1a1efe73d49d48fe7586db854 \
    --hash=sha256:b6f9d649892a6f54a39ed56b8dfd5e08b5f3be5f893da430bed76975f3735d15 \
    --hash=sha256:b9a3859f24eb4e097502a3be1fb4b2abb79b6103dd9e2e0edb70613a4459a648 \
    --hash=sha256:cd8702c5142afda03dc2b1ee6bc358b62b3735b2cce53fc77b31ca9f728e4bc8 \
    --hash=sha256:d7b5a3821225f5c43496c324b0d6875fde910a1c2933d726a743ce328fbb2a8c \
    --hash=sha256:d88c4c0e5c5dfd05092a4b271282ef0588e5f4aaf345778056fc5259ba098857 \
    --hash=sha256:eb992a1ef739cc7b543576337bebfc62c0e6567434e522e97291b251a41dad7f \
    --hash=sha256:f2f7eb6273dd12472d7f218e1fef6f7c7c2f00ac2e1ecde4db8824c457300416 \
    --hash=sha256:fdf88ab63c3ee282c76d652fc86518aacb737ff35796023fae56a65ced1a5978 \
    --hash=sha256:fdf8d759ef326962b4678d89e275ffc55b7ce59d917d9f72233762061fd04a2d
python-dateutil==2.8.2 \
    --hash=sha256:0123cacc1627ae19ddf3c27a5de5bd67ee4586fbdd6440d9748f8abb483d3e86 \
    --hash=sha256:961d03dc3453ebbc59dbdea9e4e11c5651520a876d0f4db161e8674aae935da9
pytz==2022.7.1 \
    --hash=sha256:01a0681c4b9684a28304615eba55d1ab31ae00bf68ec157ec3708a8182dbbcd0 \
    --hash=sha256:78f4f37d8198e0627c5f1143240bb0206b8691d8d7ac6d78fee88b78733f8c4a
six==1.16.0 \
    --hash=sha256:1e61c37477a1626458e36f7b1d82aa5c9b094fa4802892072e49de9c60c4c926 \
    --hash=sha256:8abb2f1d86890a2dfb989f9a77cfcfd3e47c2a354b01111771326f8aa26e0254
typing-extensions==4.4.0 \
    --hash=sha256:1511434bb92bf8dd198c12b1cc812e800d4181cfcb867674e0f8279cc93087aa \
    --hash=sha256:16fa4864408f655d35ec496218b85f79b3437c829e93320c7c9215ccfd92489e
typing-inspect==0.8.0 \
    --hash=sha256:5fbf9c1e65d4fa01e701fe12a5bca6c6e08a4ffd5bc60bfac028253a447c5188 \
    --hash=sha256:8b1ff0c400943b6145df8119c41c244ca8207f1f10c9c057aeed1560e4806e3d
wrapt==1.14.1 \
    --hash=sha256:00b6d4ea20a906c0ca56d84f93065b398ab74b927a7a3dbd470f6fc503f95dc3 \
    --hash=sha256:01c205616a89d09827986bc4e859bcabd64f5a0662a7fe95e0d359424e0e071b \
    --hash=sha256:02b41b633c6261feff8ddd8d11c711df6842aba629fdd3da10249a53211a72c4 \
    --hash=sha256:07f7a7d0f388028b2df1d916e94bbb40624c59b48ecc6cbc232546706fac74c2 \
    --hash=sha256:11871514607b15cfeb87c547a49bca19fde402f32e2b1c24a632506c0a756656 \
    --hash=sha256:1b376b3f4896e7930f1f772ac4b064ac12598d1c38d04907e696cc4d794b43d3 \
    --hash=sha256:21ac0156c4b089b330b7666db40feee30a5d52634cc4560e1905d6529a3897ff \
    --hash=sha256:257fd78c513e0fb5cdbe058c27a0624c9884e735bbd131935fd49e9fe719d310 \
    --hash=sha256:2b39d38039a1fdad98c87279b48bc5dce2c0ca0d73483b12cb72aa9609278e8a \
    --hash=sha256:2cf71233a0ed05ccdabe209c606fe0bac7379fdcf687f39b944420d2a09fdb57 \
    --hash=sha256:2fe803deacd09a233e4762a1adcea5db5d31e6be577a43352936179d14d90069 \
    --hash=sha256:3232822c7d98d23895ccc443bbdf57c7412c5a65996c30442ebe6ed3df335383 \
    --hash=sha256:34aa51c45f28ba7f12accd624225e2b1e5a3a45206aa191f6f9aac931d9d56fe \
    --hash=sha256:36f582d0c6bc99d5f39cd3ac2a9062e57f3cf606ade29a0a0d6b323462f4dd87 \
    --hash=sha256:380a85cf89e0e69b7cfbe2ea9f765f004ff419f34194018a6827ac0e3edfed4d \
    --hash=sha256:40e7bc81c9e2b2734ea4bc1aceb8a8f0ceaac7c5299bc5d69e37c44d9081d43b \
    --hash=sha256:43ca3bbbe97af00f49efb06e352eae40434ca9d915906f77def219b88e85d907 \
    --hash=sha256:4fcc4649dc762cddacd193e6b55bc02edca674067f5f98166d7713b193932b7f \
    --hash=sha256:5a0f54ce2c092aaf439813735584b9537cad479575a09892b8352fea5e988dc0 \
    --hash=sha256:5a9a0d155deafd9448baff28c08e150d9b24ff010e899311ddd63c45c2445e28 \
    --hash=sha256:5b02d65b9ccf0ef6c34cba6cf5bf2aab1bb2f49c6090bafeecc9cd81ad4ea1c1 \
    --hash=sha256:60db23fa423575eeb65ea430cee741acb7c26a1365d103f7b0f6ec412b893853 \
    --hash=sha256:642c2e7a804fcf18c222e1060df25fc210b9c58db7c91416fb055897fc27e8cc \
    --hash=sha256:6a9a25751acb379b466ff6be78a315e2b439d4c94c1e99cb7266d40a537995d3 \
    --hash=sha256:6b1a564e6cb69922c7fe3a678b9f9a3c54e72b469875aa8018f18b4d1dd1adf3 \
    --hash=sha256:6d323e1554b3d22cfc03cd3243b5bb815a51f5249fdcbb86fda4bf62bab9e164 \
    --hash=sha256:6e743de5e9c3d1b7185870f480587b75b1cb604832e380d64f9504a0535912d1 \
    --hash=sha256:709fe01086a55cf79d20f741f39325018f4df051ef39fe921b1ebe780a66184c \
    --hash=sha256:7b7c050ae976e286906dd3f26009e117eb000fb2cf3533398c5ad9ccc86867b1 \
    --hash=sha256:7d2872609603cb35ca513d7404a94d6d608fc13211563571117046c9d2bcc3d7 \
    --hash=sha256:7ef58fb89674095bfc57c4069e95d7a31cfdc0939e2a579882ac7d55aadfd2a1 \
    --hash=sha256:80bb5c256f1415f747011dc3604b59bc1f91c6e7150bd7db03b19170ee06b320 \
    --hash=sha256:81b19725065dcb43df02b37e03278c011a09e49757287dca60c5aecdd5a0b8ed \
    --hash=sha256:833b58d5d0b7e5b9832869f039203389ac7cbf01765639c7309fd50ef619e0b1 \
    --hash=sha256:88bd7b6bd70a5b6803c1abf6bca012f7ed963e58c68d76ee20b9d751c74a3248 \
    --hash=sha256:8ad85f7f4e20964db4daadcab70b47ab05c7c1cf2a7c1e51087bfaa83831854c \
    --hash=sha256:8c0ce1e99116d5ab21355d8ebe53d9460366704ea38ae4d9f6933188f327b456 \
    --hash=sha256:8d649d616e5c6a678b26d15ece345354f7c2286acd6db868e65fcc5ff7c24a77 \
    --hash=sha256:903500616422a40a98a5a3c4ff4ed9d0066f3b4c951fa286018ecdf0750194ef \
    --hash=sha256:9736af4641846491aedb3c3f56b9bc5568d92b0692303b5a305301a95dfd38b1 \
    --hash=sha256:988635d122aaf2bdcef9e795435662bcd65b02f4f4c1ae37fbee7401c440b3a7 \
    --hash=sha256:9cca3c2cdadb362116235fdbd411735de4328c61425b0aa9f872fd76d02c4e86 \
    --hash=sha256:9e0fd32e0148dd5dea6af5fee42beb949098564cc23211a88d799e434255a1f4 \
    --hash=sha256:9f3e6f9e05148ff90002b884fbc2a86bd303ae847e472f44ecc06c2cd2fcdb2d \
    --hash=sha256:a85d2b46be66a71bedde836d9e41859879cc54a2a04fad1191eb50c2066f6e9d \
    --hash=sha256:a9a52172be0b5aae932bef82a79ec0a0ce87288c7d132946d645eba03f0ad8a8 \
    --hash=sha256:aa31fdcc33fef9eb2552cbcbfee7773d5a6792c137b359e82879c101e98584c5 \
    --hash=sha256:b014c23646a467558be7da3d6b9fa409b2c567d2110599b7cf9a0c5992b3b471 \
    --hash=sha256:b21bb4c09ffabfa0e85e3a6b623e19b80e7acd709b9f91452b8297ace2a8ab00 \
    --hash=sha256:b5901a312f4d14c59918c221323068fad0540e34324925c8475263841dbdfe68 \
    --hash=sha256:b9b7a708dd92306328117d8c4b62e2194d00c365f18eff11a9b53c6f923b01e3 \
    --hash=sha256:d1967f46ea8f2db647c786e78d8cc7e4313dbd1b0aca360592d8027b8508e24d \
    --hash=sha256:d52a25136894c63de15a35bc0bdc5adb4b0e173b9c0d07a2be9d3ca64a332735 \
    --hash=sha256:d77c85fedff92cf788face9bfa3ebaa364448ebb1d765302e9af11bf449ca36d \
    --hash=sha256:d79d7d5dc8a32b7093e81e97dad755127ff77bcc899e845f41bf71747af0c569 \
    --hash=sha256:dbcda74c67263139358f4d188ae5faae95c30929281bc6866d00573783c422b7 \
    --hash=sha256:ddaea91abf8b0d13443f6dac52e89051a5063c7d014710dcb4d4abb2ff811a59 \
    --hash=sha256:dee0ce50c6a2dd9056c20db781e9c1cfd33e77d2d569f5d1d9321c641bb903d5 \
    --hash=sha256:dee60e1de1898bde3b238f18340eec6148986da0455d8ba7848d50470a7a32fb \
    --hash=sha256:e2f83e18fe2f4c9e7db597e988f72712c0c3676d337d8b101f6758107c42425b \
    --hash=sha256:e3fb1677c720409d5f671e39bac6c9e0e422584e5f518bfd50aa4cbbea02433f \
    --hash=sha256:ee2b1b1769f6707a8a445162ea16dddf74285c3964f605877a20e38545c3c462 \
    --hash=sha256:ee6acae74a2b91865910eef5e7de37dc6895ad96fa23603d1d27ea69df545015 \
    --hash=sha256:ef3f72c9666bba2bab70d2a8b79f2c6d2c1a42a7f7e2b0ec83bb2f9e383950af
